
Microsoft Visual Studio Solution File, Format Version 12.00
# Visual Studio Version 17
VisualStudioVersion = 17.5.33516.290
MinimumVisualStudioVersion = 10.0.40219.1
Project("{FAE04EC0-301F-11D3-BF4B-00C04F79EFBC}") = "FMStyles_API", "FMStyles_API\FMStyles_API.csproj", "{996F3D6E-5188-407D-A2E7-770EA8C5E0B9}"
EndProject
Global
	GlobalSection(SolutionConfigurationPlatforms) = preSolution
		Debug|Any CPU = Debug|Any CPU
		Release|Any CPU = Release|Any CPU
	EndGlobalSection
	GlobalSection(ProjectConfigurationPlatforms) = postSolution
		{996F3D6E-5188-407D-A2E7-770EA8C5E0B9}.Debug|Any CPU.ActiveCfg = Debug|Any CPU
		{996F3D6E-5188-407D-A2E7-770EA8C5E0B9}.Debug|Any CPU.Build.0 = Debug|Any CPU
		{996F3D6E-5188-407D-A2E7-770EA8C5E0B9}.Release|Any CPU.ActiveCfg = Release|Any CPU
		{996F3D6E-5188-407D-A2E7-770EA8C5E0B9}.Release|Any CPU.Build.0 = Release|Any CPU
	EndGlobalSection
	GlobalSection(SolutionProperties) = preSolution
		HideSolutionNode = FALSE
	EndGlobalSection
	GlobalSection(ExtensibilityGlobals) = postSolution
		SolutionGuid = {D376672A-7D59-47B5-9EF8-E29CDE8A93F7}
	EndGlobalSection
EndGlobal
